
Microsoft Visual Studio Solution File, Format Version 12.00
# Visual Studio Version 17
VisualStudioVersion = 17.14.37111.16 d17.14
MinimumVisualStudioVersion = 10.0.40219.1
Project("{D2ABAB84-BF74-430A-B69E-9DC6D40DDA17}") = "Uber_Trips_SSAS", "Uber_Trips_SSAS\Uber_Trips_SSAS.dwproj", "{36EB7ECD-E441-3F2A-4A3A-D5F35A5C6684}"
EndProject
Global
	GlobalSection(SolutionConfigurationPlatforms) = preSolution
		Development|Default = Development|Default
	EndGlobalSection
	GlobalSection(ProjectConfigurationPlatforms) = postSolution
		{36EB7ECD-E441-3F2A-4A3A-D5F35A5C6684}.Development|Default.ActiveCfg = Development
		{36EB7ECD-E441-3F2A-4A3A-D5F35A5C6684}.Development|Default.Build.0 = Development
		{36EB7ECD-E441-3F2A-4A3A-D5F35A5C6684}.Development|Default.Deploy.0 = Development
	EndGlobalSection
	GlobalSection(SolutionProperties) = preSolution
		HideSolutionNode = FALSE
	EndGlobalSection
	GlobalSection(ExtensibilityGlobals) = postSolution
		SolutionGuid = {0743B787-3783-4CD5-9234-15E56F6A96D7}
	EndGlobalSection
EndGlobal
